// !$*UTF8*$!
{
	archiveVersion = 1;
	classes = {
	};
	objectVersion = 77;
	objects = {

/* Begin PBXContainerItemProxy section */
		68DA8E4F2D5BC2DF0002531F /* PBXContainerItemProxy */ = {
			isa = PBXContainerItemProxy;
			containerPortal = 68DA8E302D5BC2DD0002531F /* Project object */;
			proxyType = 1;
			remoteGlobalIDString = 68DA8E372D5BC2DD0002531F;
			remoteInfo = ColorMaker;
		};
		68DA8E592D5BC2DF0002531F /* PBXContainerItemProxy */ = {
			isa = PBXContainerItemProxy;
			containerPortal = 68DA8E302D5BC2DD0002531F /* Project object */;
			proxyType = 1;
			remoteGlobalIDString = 68DA8E372D5BC2DD0002531F;
			remoteInfo = ColorMaker;
		};
/* End PBXContainerItemProxy section */

/* Begin PBXFileReference section */
		68DA8E382D5BC2DD0002531F /* ColorMaker.app */ = {isa = PBXFileReference; explicitFileType = wrapper.application; includeInIndex = 0; path = ColorMaker.app; sourceTree = BUILT_PRODUCTS_DIR; };
		68DA8E4E2D5BC2DF0002531F /* ColorMakerTests.xctest */ = {isa = PBXFileReference; explicitFileType = wrapper.cfbundle; includeInIndex = 0; path = ColorMakerTests.xctest; sourceTree = BUILT_PRODUCTS_DIR; };
		68DA8E582D5BC2DF0002531F /* ColorMakerUITests.xctest */ = {isa = PBXFileReference; explicitFileType = wrapper.cfbundle; includeInIndex = 0; path = ColorMakerUITests.xctest; sourceTree = BUILT_PRODUCTS_DIR; };
/* End PBXFileReference section */

/* Begin PBXFileSystemSynchronizedBuildFileExceptionSet section */
		68DA8E602D5BC2DF0002531F /* Exceptions for "ColorMaker" folder in "ColorMaker" target */ = {
			isa = PBXFileSystemSynchronizedBuildFileExceptionSet;
			membershipExceptions = (
				Info.plist,
			);
			target = 68DA8E372D5BC2DD0002531F /* ColorMaker */;
		};
/* End PBXFileSystemSynchronizedBuildFileExceptionSet section */

/* Begin PBXFileSystemSynchronizedRootGroup section */
		68DA8E3A2D5BC2DD0002531F /* ColorMaker */ = {
			isa = PBXFileSystemSynchronizedRootGroup;
			exceptions = (
				68DA8E602D5BC2DF0002531F /* Exceptions for "ColorMaker" folder in "ColorMaker" target */,
			);
			path = ColorMaker;
			sourceTree = "<group>";
		};
		68DA8E512D5BC2DF0002531F /* ColorMakerTests */ = {
			isa = PBXFileSystemSynchronizedRootGroup;
			path = ColorMakerTests;
			sourceTree = "<group>";
		};
		68DA8E5B2D5BC2DF0002531F /* ColorMakerUITests */ = {
			isa = PBXFileSystemSynchronizedRootGroup;
			path = ColorMakerUITests;
			sourceTree = "<group>";
		};
/* End PBXFileSystemSynchronizedRootGroup section */

/* Begin PBXFrameworksBuildPhase section */
		68DA8E352D5BC2DD0002531F /* Frameworks */ = {
			isa = PBXFrameworksBuildPhase;
			buildActionMask = 2147483647;
			files = (
			);
			runOnlyForDeploymentPostprocessing = 0;
		};
		68DA8E4B2D5BC2DF0002531F /* Frameworks */ = {
			isa = PBXFrameworksBuildPhase;
			buildActionMask = 2147483647;
			files = (
			);
			runOnlyForDeploymentPostprocessing = 0;
		};
		68DA8E552D5BC2DF0002531F /* Frameworks */ = {
			isa = PBXFrameworksBuildPhase;
			buildActionMask = 2147483647;
			files = (
			);
			runOnlyForDeploymentPostprocessing = 0;
		};
/* End PBXFrameworksBuildPhase section */

/* Begin PBXGroup section */
		68DA8E2F2D5BC2DD0002531F = {
			isa = PBXGroup;
			children = (
				68DA8E3A2D5BC2DD0002531F /* ColorMaker */,
				68DA8E512D5BC2DF0002531F /* ColorMakerTests */,
				68DA8E5B2D5BC2DF0002531F /* ColorMakerUITests */,
				68DA8E392D5BC2DD0002531F /* Products */,
			);
			sourceTree = "<group>";
		};
		68DA8E392D5BC2DD0002531F /* Products */ = {
			isa = PBXGroup;
			children = (
				68DA8E382D5BC2DD0002531F /* ColorMaker.app */,
				68DA8E4E2D5BC2DF0002531F /* ColorMakerTests.xctest */,
				68DA8E582D5BC2DF0002531F /* ColorMakerUITests.xctest */,
			);
			name = Products;
			sourceTree = "<group>";
		};
/* End PBXGroup section */

/* Begin PBXNativeTarget section */
		68DA8E372D5BC2DD0002531F /* ColorMaker */ = {
			isa = PBXNativeTarget;
			buildConfigurationList = 68DA8E612D5BC2DF0002531F /* Build configuration list for PBXNativeTarget "ColorMaker" */;
			buildPhases = (
				68DA8E342D5BC2DD0002531F /* Sources */,
				68DA8E352D5BC2DD0002531F /* Frameworks */,
				68DA8E362D5BC2DD0002531F /* Resources */,
			);
			buildRules = (
			);
			dependencies = (
			);
			fileSystemSynchronizedGroups = (
				68DA8E3A2D5BC2DD0002531F /* ColorMaker */,
			);
			name = ColorMaker;
			packageProductDependencies = (
			);
			productName = ColorMaker;
			productReference = 68DA8E382D5BC2DD0002531F /* ColorMaker.app */;
			productType = "com.apple.product-type.application";
		};
		68DA8E4D2D5BC2DF0002531F /* ColorMakerTests */ = {
			isa = PBXNativeTarget;
			buildConfigurationList = 68DA8E662D5BC2DF0002531F /* Build configuration list for PBXNativeTarget "ColorMakerTests" */;
			buildPhases = (
				68DA8E4A2D5BC2DF0002531F /* Sources */,
				68DA8E4B2D5BC2DF0002531F /* Frameworks */,
				68DA8E4C2D5BC2DF0002531F /* Resources */,
			);
			buildRules = (
			);
			dependencies = (
				68DA8E502D5BC2DF0002531F /* PBXTargetDependency */,
			);
			fileSystemSynchronizedGroups = (
				68DA8E512D5BC2DF0002531F /* ColorMakerTests */,
			);
			name = ColorMakerTests;
			packageProductDependencies = (
			);
			productName = ColorMakerTests;
			productReference = 68DA8E4E2D5BC2DF0002531F /* ColorMakerTests.xctest */;
			productType = "com.apple.product-type.bundle.unit-test";
		};
		68DA8E572D5BC2DF0002531F /* ColorMakerUITests */ = {
			isa = PBXNativeTarget;
			buildConfigurationList = 68DA8E692D5BC2DF0002531F /* Build configuration list for PBXNativeTarget "ColorMakerUITests" */;
			buildPhases = (
				68DA8E542D5BC2DF0002531F /* Sources */,
				68DA8E552D5BC2DF0002531F /* Frameworks */,
				68DA8E562D5BC2DF0002531F /* Resources */,
			);
			buildRules = (
			);
			dependencies = (
				68DA8E5A2D5BC2DF0002531F /* PBXTargetDependency */,
			);
			fileSystemSynchronizedGroups = (
				68DA8E5B2D5BC2DF0002531F /* ColorMakerUITests */,
			);
			name = ColorMakerUITests;
			packageProductDependencies = (
			);
			productName = ColorMakerUITests;
			productReference = 68DA8E582D5BC2DF0002531F /* ColorMakerUITests.xctest */;
			productType = "com.apple.product-type.bundle.ui-testing";
		};
/* End PBXNativeTarget section */

/* Begin PBXProject section */
		68DA8E302D5BC2DD0002531F /* Project object */ = {
			isa = PBXProject;
			attributes = {
				BuildIndependentTargetsInParallel = 1;
				LastSwiftUpdateCheck = 1620;
				LastUpgradeCheck = 1620;
				TargetAttributes = {
					68DA8E372D5BC2DD0002531F = {
						CreatedOnToolsVersion = 16.2;
					};
					68DA8E4D2D5BC2DF0002531F = {
						CreatedOnToolsVersion = 16.2;
						TestTargetID = 68DA8E372D5BC2DD0002531F;
					};
					68DA8E572D5BC2DF0002531F = {
						CreatedOnToolsVersion = 16.2;
						TestTargetID = 68DA8E372D5BC2DD0002531F;
					};
				};
			};
			buildConfigurationList = 68DA8E332D5BC2DD0002531F /* Build configuration list for PBXProject "ColorMaker" */;
			developmentRegion = en;
			hasScannedForEncodings = 0;
			knownRegions = (
				en,
				Base,
			);
			mainGroup = 68DA8E2F2D5BC2DD0002531F;
			minimizedProjectReferenceProxies = 1;
			preferredProjectObjectVersion = 77;
			productRefGroup = 68DA8E392D5BC2DD0002531F /* Products */;
			projectDirPath = "";
			projectRoot = "";
			targets = (
				68DA8E372D5BC2DD0002531F /* ColorMaker */,
				68DA8E4D2D5BC2DF0002531F /* ColorMakerTests */,
				68DA8E572D5BC2DF0002531F /* ColorMakerUITests */,
			);
		};
/* End PBXProject section */

/* Begin PBXResourcesBuildPhase section */
		68DA8E362D5BC2DD0002531F /* Resources */ = {
			isa = PBXResourcesBuildPhase;
			buildActionMask = 2147483647;
			files = (
			);
			runOnlyForDeploymentPostprocessing = 0;
		};
		68DA8E4C2D5BC2DF0002531F /* Resources */ = {
			isa = PBXResourcesBuildPhase;
			buildActionMask = 2147483647;
			files = (
			);
			runOnlyForDeploymentPostprocessing = 0;
		};
		68DA8E562D5BC2DF0002531F /* Resources */ = {
			isa = PBXResourcesBuildPhase;
			buildActionMask = 2147483647;
			files = (
			);
			runOnlyForDeploymentPostprocessing = 0;
		};
/* End PBXResourcesBuildPhase section */

/* Begin PBXSourcesBuildPhase section */
		68DA8E342D5BC2DD0002531F /* Sources */ = {
			isa = PBXSourcesBuildPhase;
			buildActionMask = 2147483647;
			files = (
			);
			runOnlyForDeploymentPostprocessing = 0;
		};
		68DA8E4A2D5BC2DF0002531F /* Sources */ = {
			isa = PBXSourcesBuildPhase;
			buildActionMask = 2147483647;
			files = (
			);
			runOnlyForDeploymentPostprocessing = 0;
		};
		68DA8E542D5BC2DF0002531F /* Sources */ = {
			isa = PBXSourcesBuildPhase;
			buildActionMask = 2147483647;
			files = (
			);
			runOnlyForDeploymentPostprocessing = 0;
		};
/* End PBXSourcesBuildPhase section */

/* Begin PBXTargetDependency section */
		68DA8E502D5BC2DF0002531F /* PBXTargetDependency */ = {
			isa = PBXTargetDependency;
			target = 68DA8E372D5BC2DD0002531F /* ColorMaker */;
			targetProxy = 68DA8E4F2D5BC2DF0002531F /* PBXContainerItemProxy */;
		};
		68DA8E5A2D5BC2DF0002531F /* PBXTargetDependency */ = {
			isa = PBXTargetDependency;
			target = 68DA8E372D5BC2DD0002531F /* ColorMaker */;
			targetProxy = 68DA8E592D5BC2DF0002531F /* PBXContainerItemProxy */;
		};
/* End PBXTargetDependency section */

/* Begin XCBuildConfiguration section */
		68DA8E622D5BC2DF0002531F /* Debug */ = {
			isa = XCBuildConfiguration;
			buildSettings = {
				ASSETCATALOG_COMPILER_APPICON_NAME = AppIcon;
				ASSETCATALOG_COMPILER_GLOBAL_ACCENT_COLOR_NAME = AccentColor;
				CODE_SIGN_STYLE = Automatic;
				CURRENT_PROJECT_VERSION = 1;
				DEVELOPMENT_TEAM = LDTW328DLA;
				GENERATE_INFOPLIST_FILE = YES;
				INFOPLIST_FILE = ColorMaker/Info.plist;
				INFOPLIST_KEY_UIApplicationSupportsIndirectInputEvents = YES;
				INFOPLIST_KEY_UILaunchStoryboardName = LaunchScreen;
				INFOPLIST_KEY_UIMainStoryboardFile = Main;
				INFOPLIST_KEY_UISupportedInterfaceOrientations_iPad = "UIInterfaceOrientationPortrait UIInterfaceOrientationPortraitUpsideDown UIInterfaceOrientationLandscapeLeft UIInterfaceOrientationLandscapeRight";
				INFOPLIST_KEY_UISupportedInterfaceOrientations_iPhone = "UIInterfaceOrientationPortrait UIInterfaceOrientationLandscapeLeft UIInterfaceOrientationLandscapeRight";
				LD_RUNPATH_SEARCH_PATHS = (
					"$(inherited)",
					"@executable_path/Frameworks",
				);
				MARKETING_VERSION = 1.0;
				PRODUCT_BUNDLE_IDENTIFIER = kunj.ColorMaker;
				PRODUCT_NAME = "$(TARGET_NAME)";
				SWIFT_EMIT_LOC_STRINGS = YES;
				SWIFT_VERSION = 5.0;
				TARGETED_DEVICE_FAMILY = "1,2";
			};
			name = Debug;
		};
		68DA8E632D5BC2DF0002531F /* Release */ = {
			isa = XCBuildConfiguration;
			buildSettings = {
				ASSETCATALOG_COMPILER_APPICON_NAME = AppIcon;
				ASSETCATALOG_COMPILER_GLOBAL_ACCENT_COLOR_NAME = AccentColor;
				CODE_SIGN_STYLE = Automatic;
				CURRENT_PROJECT_VERSION = 1;
				DEVELOPMENT_TEAM = LDTW328DLA;
				GENERATE_INFOPLIST_FILE = YES;
				INFOPLIST_FILE = ColorMaker/Info.plist;
				INFOPLIST_KEY_UIApplicationSupportsIndirectInputEvents = YES;
				INFOPLIST_KEY_UILaunchStoryboardName = LaunchScreen;
				INFOPLIST_KEY_UIMainStoryboardFile = Main;
				INFOPLIST_KEY_UISupportedInterfaceOrientations_iPad = "UIInterfaceOrientationPortrait UIInterfaceOrientationPortraitUpsideDown UIInterfaceOrientationLandscapeLeft UIInterfaceOrientationLandscapeRight";
				INFOPLIST_KEY_UISupportedInterfaceOrientations_iPhone = "UIInterfaceOrientationPortrait UIInterfaceOrientationLandscapeLeft UIInterfaceOrientationLandscapeRight";
				LD_RUNPATH_SEARCH_PATHS = (
					"$(inherited)",
					"@executable_path/Frameworks",
				);
				MARKETING_VERSION = 1.0;
				PRODUCT_BUNDLE_IDENTIFIER = kunj.ColorMaker;
				PRODUCT_NAME = "$(TARGET_NAME)";
				SWIFT_EMIT_LOC_STRINGS = YES;
				SWIFT_VERSION = 5.0;
				TARGETED_DEVICE_FAMILY = "1,2";
			};
			name = Release;
		};
		68DA8E642D5BC2DF0002531F /* Debug */ = {
			isa = XCBuildConfiguration;
			buildSettings = {
				ALWAYS_SEARCH_USER_PATHS = NO;
				ASSETCATALOG_COMPILER_GENERATE_SWIFT_ASSET_SYMBOL_EXTENSIONS = YES;
				CLANG_ANALYZER_NONNULL = YES;
				CLANG_ANALYZER_NUMBER_OBJECT_CONVERSION = YES_AGGRESSIVE;
				CLANG_CXX_LANGUAGE_STANDARD = "gnu++20";
				CLANG_ENABLE_MODULES = YES;
				CLANG_ENABLE_OBJC_ARC = YES;
				CLANG_ENABLE_OBJC_WEAK = YES;
				CLANG_WARN_BLOCK_CAPTURE_AUTORELEASING = YES;
				CLANG_WARN_BOOL_CONVERSION = YES;
				CLANG_WARN_COMMA = YES;
				CLANG_WARN_CONSTANT_CONVERSION = YES;
				CLANG_WARN_DEPRECATED_OBJC_IMPLEMENTATIONS = YES;
				CLANG_WARN_DIRECT_OBJC_ISA_USAGE = YES_ERROR;
				CLANG_WARN_DOCUMENTATION_COMMENTS = YES;
				CLANG_WARN_EMPTY_BODY = YES;
				CLANG_WARN_ENUM_CONVERSION = YES;
				CLANG_WARN_INFINITE_RECURSION = YES;
				CLANG_WARN_INT_CONVERSION = YES;
				CLANG_WARN_NON_LITERAL_NULL_CONVERSION = YES;
				CLANG_WARN_OBJC_IMPLICIT_RETAIN_SELF = YES;
				CLANG_WARN_OBJC_LITERAL_CONVERSION = YES;
				CLANG_WARN_OBJC_ROOT_CLASS = YES_ERROR;
				CLANG_WARN_QUOTED_INCLUDE_IN_FRAMEWORK_HEADER = YES;
				CLANG_WARN_RANGE_LOOP_ANALYSIS = YES;
				CLANG_WARN_STRICT_PROTOTYPES = YES;
				CLANG_WARN_SUSPICIOUS_MOVE = YES;
				CLANG_WARN_UNGUARDED_AVAILABILITY = YES_AGGRESSIVE;
				CLANG_WARN_UNREACHABLE_CODE = YES;
				CLANG_WARN__DUPLICATE_METHOD_MATCH = YES;
				COPY_PHASE_STRIP = NO;
				DEBUG_INFORMATION_FORMAT = dwarf;
				ENABLE_STRICT_OBJC_MSGSEND = YES;
				ENABLE_TESTABILITY = YES;
				ENABLE_USER_SCRIPT_SANDBOXING = YES;
				GCC_C_LANGUAGE_STANDARD = gnu17;
				GCC_DYNAMIC_NO_PIC = NO;
				GCC_NO_COMMON_BLOCKS = YES;
				GCC_OPTIMIZATION_LEVEL = 0;
				GCC_PREPROCESSOR_DEFINITIONS = (
					"DEBUG=1",
					"$(inherited)",
				);
				GCC_WARN_64_TO_32_BIT_CONVERSION = YES;
				GCC_WARN_ABOUT_RETURN_TYPE = YES_ERROR;
				GCC_WARN_UNDECLARED_SELECTOR = YES;
				GCC_WARN_UNINITIALIZED_AUTOS = YES_AGGRESSIVE;
				GCC_WARN_UNUSED_FUNCTION = YES;
				GCC_WARN_UNUSED_VARIABLE = YES;
				IPHONEOS_DEPLOYMENT_TARGET = 18.2;
				LOCALIZATION_PREFERS_STRING_CATALOGS = YES;
				MTL_ENABLE_DEBUG_INFO = INCLUDE_SOURCE;
				MTL_FAST_MATH = YES;
				ONLY_ACTIVE_ARCH = YES;
				SDKROOT = iphoneos;
				SWIFT_ACTIVE_COMPILATION_CONDITIONS = "DEBUG $(inherited)";
				SWIFT_OPTIMIZATION_LEVEL = "-Onone";
			};
			name = Debug;
		};
		68DA8E652D5BC2DF0002531F /* Release */ = {
			isa = XCBuildConfiguration;
			buildSettings = {
				ALWAYS_SEARCH_USER_PATHS = NO;
				ASSETCATALOG_COMPILER_GENERATE_SWIFT_ASSET_SYMBOL_EXTENSIONS = YES;
				CLANG_ANALYZER_NONNULL = YES;
				CLANG_ANALYZER_NUMBER_OBJECT_CONVERSION = YES_AGGRESSIVE;
				CLANG_CXX_LANGUAGE_STANDARD = "gnu++20";
				CLANG_ENABLE_MODULES = YES;
				CLANG_ENABLE_OBJC_ARC = YES;
				CLANG_ENABLE_OBJC_WEAK = YES;
				CLANG_WARN_BLOCK_CAPTURE_AUTORELEASING = YES;
				CLANG_WARN_BOOL_CONVERSION = YES;
				CLANG_WARN_COMMA = YES;
				CLANG_WARN_CONSTANT_CONVERSION = YES;
				CLANG_WARN_DEPRECATED_OBJC_IMPLEMENTATIONS = YES;
				CLANG_WARN_DIRECT_OBJC_ISA_USAGE = YES_ERROR;
				CLANG_WARN_DOCUMENTATION_COMMENTS = YES;
				CLANG_WARN_EMPTY_BODY = YES;
				CLANG_WARN_ENUM_CONVERSION = YES;
				CLANG_WARN_INFINITE_RECURSION = YES;
				CLANG_WARN_INT_CONVERSION = YES;
				CLANG_WARN_NON_LITERAL_NULL_CONVERSION = YES;
				CLANG_WARN_OBJC_IMPLICIT_RETAIN_SELF = YES;
				CLANG_WARN_OBJC_LITERAL_CONVERSION = YES;
				CLANG_WARN_OBJC_ROOT_CLASS = YES_ERROR;
				CLANG_WARN_QUOTED_INCLUDE_IN_FRAMEWORK_HEADER = YES;
				CLANG_WARN_RANGE_LOOP_ANALYSIS = YES;
				CLANG_WARN_STRICT_PROTOTYPES = YES;
				CLANG_WARN_SUSPICIOUS_MOVE = YES;
				CLANG_WARN_UNGUARDED_AVAILABILITY = YES_AGGRESSIVE;
				CLANG_WARN_UNREACHABLE_CODE = YES;
				CLANG_WARN__DUPLICATE_METHOD_MATCH = YES;
				COPY_PHASE_STRIP = NO;
				DEBUG_INFORMATION_FORMAT = "dwarf-with-dsym";
				ENABLE_NS_ASSERTIONS = NO;
				ENABLE_STRICT_OBJC_MSGSEND = YES;
				ENABLE_USER_SCRIPT_SANDBOXING = YES;
				GCC_C_LANGUAGE_STANDARD = gnu17;
				GCC_NO_COMMON_BLOCKS = YES;
				GCC_WARN_64_TO_32_BIT_CONVERSION = YES;
				GCC_WARN_ABOUT_RETURN_TYPE = YES_ERROR;
				GCC_WARN_UNDECLARED_SELECTOR = YES;
				GCC_WARN_UNINITIALIZED_AUTOS = YES_AGGRESSIVE;
				GCC_WARN_UNUSED_FUNCTION = YES;
				GCC_WARN_UNUSED_VARIABLE = YES;
				IPHONEOS_DEPLOYMENT_TARGET = 18.2;
				LOCALIZATION_PREFERS_STRING_CATALOGS = YES;
				MTL_ENABLE_DEBUG_INFO = NO;
				MTL_FAST_MATH = YES;
				SDKROOT = iphoneos;
				SWIFT_COMPILATION_MODE = wholemodule;
				VALIDATE_PRODUCT = YES;
			};
			name = Release;
		};
		68DA8E672D5BC2DF0002531F /* Debug */ = {
			isa = XCBuildConfiguration;
			buildSettings = {
				BUNDLE_LOADER = "$(TEST_HOST)";
				CODE_SIGN_STYLE = Automatic;
				CURRENT_PROJECT_VERSION = 1;
				DEVELOPMENT_TEAM = LDTW328DLA;
				GENERATE_INFOPLIST_FILE = YES;
				IPHONEOS_DEPLOYMENT_TARGET = 18.2;
				MARKETING_VERSION = 1.0;
				PRODUCT_BUNDLE_IDENTIFIER = kunj.ColorMakerTests;
				PRODUCT_NAME = "$(TARGET_NAME)";
				SWIFT_EMIT_LOC_STRINGS = NO;
				SWIFT_VERSION = 5.0;
				TARGETED_DEVICE_FAMILY = "1,2";
				TEST_HOST = "$(BUILT_PRODUCTS_DIR)/ColorMaker.app/$(BUNDLE_EXECUTABLE_FOLDER_PATH)/ColorMaker";
			};
			name = Debug;
		};
		68DA8E682D5BC2DF0002531F /* Release */ = {
			isa = XCBuildConfiguration;
			buildSettings = {
				BUNDLE_LOADER = "$(TEST_HOST)";
				CODE_SIGN_STYLE = Automatic;
				CURRENT_PROJECT_VERSION = 1;
				DEVELOPMENT_TEAM = LDTW328DLA;
				GENERATE_INFOPLIST_FILE = YES;
				IPHONEOS_DEPLOYMENT_TARGET = 18.2;
				MARKETING_VERSION = 1.0;
				PRODUCT_BUNDLE_IDENTIFIER = kunj.ColorMakerTests;
				PRODUCT_NAME = "$(TARGET_NAME)";
				SWIFT_EMIT_LOC_STRINGS = NO;
				SWIFT_VERSION = 5.0;
				TARGETED_DEVICE_FAMILY = "1,2";
				TEST_HOST = "$(BUILT_PRODUCTS_DIR)/ColorMaker.app/$(BUNDLE_EXECUTABLE_FOLDER_PATH)/ColorMaker";
			};
			name = Release;
		};
		68DA8E6A2D5BC2DF0002531F /* Debug */ = {
			isa = XCBuildConfiguration;
			buildSettings = {
				CODE_SIGN_STYLE = Automatic;
				CURRENT_PROJECT_VERSION = 1;
				DEVELOPMENT_TEAM = LDTW328DLA;
				GENERATE_INFOPLIST_FILE = YES;
				MARKETING_VERSION = 1.0;
				PRODUCT_BUNDLE_IDENTIFIER = kunj.ColorMakerUITests;
				PRODUCT_NAME = "$(TARGET_NAME)";
				SWIFT_EMIT_LOC_STRINGS = NO;
				SWIFT_VERSION = 5.0;
				TARGETED_DEVICE_FAMILY = "1,2";
				TEST_TARGET_NAME = ColorMaker;
			};
			name = Debug;
		};
		68DA8E6B2D5BC2DF0002531F /* Release */ = {
			isa = XCBuildConfiguration;
			buildSettings = {
				CODE_SIGN_STYLE = Automatic;
				CURRENT_PROJECT_VERSION = 1;
				DEVELOPMENT_TEAM = LDTW328DLA;
				GENERATE_INFOPLIST_FILE = YES;
				MARKETING_VERSION = 1.0;
				PRODUCT_BUNDLE_IDENTIFIER = kunj.ColorMakerUITests;
				PRODUCT_NAME = "$(TARGET_NAME)";
				SWIFT_EMIT_LOC_STRINGS = NO;
				SWIFT_VERSION = 5.0;
				TARGETED_DEVICE_FAMILY = "1,2";
				TEST_TARGET_NAME = ColorMaker;
			};
			name = Release;
		};
/* End XCBuildConfiguration section */

/* Begin XCConfigurationList section */
		68DA8E332D5BC2DD0002531F /* Build configuration list for PBXProject "ColorMaker" */ = {
			isa = XCConfigurationList;
			buildConfigurations = (
				68DA8E642D5BC2DF0002531F /* Debug */,
				68DA8E652D5BC2DF0002531F /* Release */,
			);
			defaultConfigurationIsVisible = 0;
			defaultConfigurationName = Release;
		};
		68DA8E612D5BC2DF0002531F /* Build configuration list for PBXNativeTarget "ColorMaker" */ = {
			isa = XCConfigurationList;
			buildConfigurations = (
				68DA8E622D5BC2DF0002531F /* Debug */,
				68DA8E632D5BC2DF0002531F /* Release */,
			);
			defaultConfigurationIsVisible = 0;
			defaultConfigurationName = Release;
		};
		68DA8E662D5BC2DF0002531F /* Build configuration list for PBXNativeTarget "ColorMakerTests" */ = {
			isa = XCConfigurationList;
			buildConfigurations = (
				68DA8E672D5BC2DF0002531F /* Debug */,
				68DA8E682D5BC2DF0002531F /* Release */,
			);
			defaultConfigurationIsVisible = 0;
			defaultConfigurationName = Release;
		};
		68DA8E692D5BC2DF0002531F /* Build configuration list for PBXNativeTarget "ColorMakerUITests" */ = {
			isa = XCConfigurationList;
			buildConfigurations = (
				68DA8E6A2D5BC2DF0002531F /* Debug */,
				68DA8E6B2D5BC2DF0002531F /* Release */,
			);
			defaultConfigurationIsVisible = 0;
			defaultConfigurationName = Release;
		};
/* End XCConfigurationList section */
	};
	rootObject = 68DA8E302D5BC2DD0002531F /* Project object */;
}
